{
  "pins" : [
    {
      "identity" : "stockshareddtos",
      "kind" : "remoteSourceControl",
      "location" : "https://github.com/kashiash/StockSharedDTOs.git",
      "state" : {
        "branch" : "main",
        "revision" : "5fe125be3991b0c86d6645c5304199a45bd2a4ec"
      }
    }
  ],
  "version" : 2
}
