{
  "pins" : [
    {
      "identity" : "stockshareddtos",
      "kind" : "remoteSourceControl",
      "location" : "https://github.com/kashiash/StockSharedDTOs.git",
      "state" : {
        "branch" : "main",
        "revision" : "58d2bff05d62e8718bd93111bd9470af6b2c11ba"
      }
    }
  ],
  "version" : 2
}
