// !$*UTF8*$!
{
	archiveVersion = 1;
	classes = {
	};
	objectVersion = 56;
	objects = {

/* Begin PBXBuildFile section */
		76210A222B49B4B200650604 /* StockDetailScreen.swift in Sources */ = {isa = PBXBuildFile; fileRef = 76210A212B49B4B200650604 /* StockDetailScreen.swift */; };
		76210A242B49B70300650604 /* AddStockItemScreen.swift in Sources */ = {isa = PBXBuildFile; fileRef = 76210A232B49B70300650604 /* AddStockItemScreen.swift */; };
		7631F1BA2B46BFE30089CB1A /* StockCategoryListScreen.swift in Sources */ = {isa = PBXBuildFile; fileRef = 7631F1B92B46BFE30089CB1A /* StockCategoryListScreen.swift */; };
		7631F1BC2B46C0780089CB1A /* StockCategoryResponseDto+Extensions.swift in Sources */ = {isa = PBXBuildFile; fileRef = 7631F1BB2B46C0780089CB1A /* StockCategoryResponseDto+Extensions.swift */; };
		763279512B45BAF30095A9B2 /* UserDefaultsExtensions.swift in Sources */ = {isa = PBXBuildFile; fileRef = 763279502B45BAF30095A9B2 /* UserDefaultsExtensions.swift */; };
		763EEE282B42FEF30079C504 /* LoginScreen.swift in Sources */ = {isa = PBXBuildFile; fileRef = 763EEE272B42FEF30079C504 /* LoginScreen.swift */; };
		763EEE2C2B430E530079C504 /* AppState.swift in Sources */ = {isa = PBXBuildFile; fileRef = 763EEE2B2B430E530079C504 /* AppState.swift */; };
		763EEE2F2B435CAD0079C504 /* StockSharedDTOs in Frameworks */ = {isa = PBXBuildFile; productRef = 763EEE2E2B435CAD0079C504 /* StockSharedDTOs */; };
		763EEE312B449E300079C504 /* AddStockCategoryScreen.swift in Sources */ = {isa = PBXBuildFile; fileRef = 763EEE302B449E300079C504 /* AddStockCategoryScreen.swift */; };
		763EEE342B44AF100079C504 /* ColorSelector.swift in Sources */ = {isa = PBXBuildFile; fileRef = 763EEE332B44AF100079C504 /* ColorSelector.swift */; };
		763EEE362B44B1A80079C504 /* Color+Extensions.swift in Sources */ = {isa = PBXBuildFile; fileRef = 763EEE352B44B1A80079C504 /* Color+Extensions.swift */; };
		767C54612B42196000535CA6 /* StockAppApp.swift in Sources */ = {isa = PBXBuildFile; fileRef = 767C54602B42196000535CA6 /* StockAppApp.swift */; };
		767C54632B42196000535CA6 /* ContentView.swift in Sources */ = {isa = PBXBuildFile; fileRef = 767C54622B42196000535CA6 /* ContentView.swift */; };
		767C54652B42196200535CA6 /* Assets.xcassets in Resources */ = {isa = PBXBuildFile; fileRef = 767C54642B42196200535CA6 /* Assets.xcassets */; };
		767C54692B42196200535CA6 /* Preview Assets.xcassets in Resources */ = {isa = PBXBuildFile; fileRef = 767C54682B42196200535CA6 /* Preview Assets.xcassets */; };
		767C54712B421AF100535CA6 /* RegistrationScreen.swift in Sources */ = {isa = PBXBuildFile; fileRef = 767C54702B421AF100535CA6 /* RegistrationScreen.swift */; };
		767C54742B421F8400535CA6 /* String+Extensions.swift in Sources */ = {isa = PBXBuildFile; fileRef = 767C54732B421F8400535CA6 /* String+Extensions.swift */; };
		767C54772B42B41700535CA6 /* HTTPClient.swift in Sources */ = {isa = PBXBuildFile; fileRef = 767C54762B42B41700535CA6 /* HTTPClient.swift */; };
		767C547A2B42D83000535CA6 /* StockModel.swift in Sources */ = {isa = PBXBuildFile; fileRef = 767C54792B42D83000535CA6 /* StockModel.swift */; };
		767C547F2B42DA8D00535CA6 /* Constants.swift in Sources */ = {isa = PBXBuildFile; fileRef = 767C547E2B42DA8D00535CA6 /* Constants.swift */; };
/* End PBXBuildFile section */

/* Begin PBXFileReference section */
		76210A212B49B4B200650604 /* StockDetailScreen.swift */ = {isa = PBXFileReference; lastKnownFileType = sourcecode.swift; path = StockDetailScreen.swift; sourceTree = "<group>"; };
		76210A232B49B70300650604 /* AddStockItemScreen.swift */ = {isa = PBXFileReference; lastKnownFileType = sourcecode.swift; path = AddStockItemScreen.swift; sourceTree = "<group>"; };
		7631F1B92B46BFE30089CB1A /* StockCategoryListScreen.swift */ = {isa = PBXFileReference; lastKnownFileType = sourcecode.swift; path = StockCategoryListScreen.swift; sourceTree = "<group>"; };
		7631F1BB2B46C0780089CB1A /* StockCategoryResponseDto+Extensions.swift */ = {isa = PBXFileReference; lastKnownFileType = sourcecode.swift; path = "StockCategoryResponseDto+Extensions.swift"; sourceTree = "<group>"; };
		763279502B45BAF30095A9B2 /* UserDefaultsExtensions.swift */ = {isa = PBXFileReference; lastKnownFileType = sourcecode.swift; path = UserDefaultsExtensions.swift; sourceTree = "<group>"; };
		763EEE272B42FEF30079C504 /* LoginScreen.swift */ = {isa = PBXFileReference; lastKnownFileType = sourcecode.swift; path = LoginScreen.swift; sourceTree = "<group>"; };
		763EEE2B2B430E530079C504 /* AppState.swift */ = {isa = PBXFileReference; lastKnownFileType = sourcecode.swift; path = AppState.swift; sourceTree = "<group>"; };
		763EEE302B449E300079C504 /* AddStockCategoryScreen.swift */ = {isa = PBXFileReference; lastKnownFileType = sourcecode.swift; path = AddStockCategoryScreen.swift; sourceTree = "<group>"; };
		763EEE332B44AF100079C504 /* ColorSelector.swift */ = {isa = PBXFileReference; lastKnownFileType = sourcecode.swift; path = ColorSelector.swift; sourceTree = "<group>"; };
		763EEE352B44B1A80079C504 /* Color+Extensions.swift */ = {isa = PBXFileReference; lastKnownFileType = sourcecode.swift; path = "Color+Extensions.swift"; sourceTree = "<group>"; };
		767C545D2B42196000535CA6 /* StockApp.app */ = {isa = PBXFileReference; explicitFileType = wrapper.application; includeInIndex = 0; path = StockApp.app; sourceTree = BUILT_PRODUCTS_DIR; };
		767C54602B42196000535CA6 /* StockAppApp.swift */ = {isa = PBXFileReference; lastKnownFileType = sourcecode.swift; path = StockAppApp.swift; sourceTree = "<group>"; };
		767C54622B42196000535CA6 /* ContentView.swift */ = {isa = PBXFileReference; lastKnownFileType = sourcecode.swift; path = ContentView.swift; sourceTree = "<group>"; };
		767C54642B42196200535CA6 /* Assets.xcassets */ = {isa = PBXFileReference; lastKnownFileType = folder.assetcatalog; path = Assets.xcassets; sourceTree = "<group>"; };
		767C54662B42196200535CA6 /* StockApp.entitlements */ = {isa = PBXFileReference; lastKnownFileType = text.plist.entitlements; path = StockApp.entitlements; sourceTree = "<group>"; };
		767C54682B42196200535CA6 /* Preview Assets.xcassets */ = {isa = PBXFileReference; lastKnownFileType = folder.assetcatalog; path = "Preview Assets.xcassets"; sourceTree = "<group>"; };
		767C54702B421AF100535CA6 /* RegistrationScreen.swift */ = {isa = PBXFileReference; lastKnownFileType = sourcecode.swift; path = RegistrationScreen.swift; sourceTree = "<group>"; };
		767C54732B421F8400535CA6 /* String+Extensions.swift */ = {isa = PBXFileReference; lastKnownFileType = sourcecode.swift; path = "String+Extensions.swift"; sourceTree = "<group>"; };
		767C54762B42B41700535CA6 /* HTTPClient.swift */ = {isa = PBXFileReference; lastKnownFileType = sourcecode.swift; path = HTTPClient.swift; sourceTree = "<group>"; };
		767C54792B42D83000535CA6 /* StockModel.swift */ = {isa = PBXFileReference; lastKnownFileType = sourcecode.swift; path = StockModel.swift; sourceTree = "<group>"; };
		767C547E2B42DA8D00535CA6 /* Constants.swift */ = {isa = PBXFileReference; lastKnownFileType = sourcecode.swift; path = Constants.swift; sourceTree = "<group>"; };
/* End PBXFileReference section */

/* Begin PBXFrameworksBuildPhase section */
		767C545A2B42196000535CA6 /* Frameworks */ = {
			isa = PBXFrameworksBuildPhase;
			buildActionMask = 2147483647;
			files = (
				763EEE2F2B435CAD0079C504 /* StockSharedDTOs in Frameworks */,
			);
			runOnlyForDeploymentPostprocessing = 0;
		};
/* End PBXFrameworksBuildPhase section */

/* Begin PBXGroup section */
		763EEE322B44AEF80079C504 /* Views */ = {
			isa = PBXGroup;
			children = (
				763EEE332B44AF100079C504 /* ColorSelector.swift */,
			);
			path = Views;
			sourceTree = "<group>";
		};
		767C54542B42196000535CA6 = {
			isa = PBXGroup;
			children = (
				767C545F2B42196000535CA6 /* StockApp */,
				767C545E2B42196000535CA6 /* Products */,
			);
			sourceTree = "<group>";
		};
		767C545E2B42196000535CA6 /* Products */ = {
			isa = PBXGroup;
			children = (
				767C545D2B42196000535CA6 /* StockApp.app */,
			);
			name = Products;
			sourceTree = "<group>";
		};
		767C545F2B42196000535CA6 /* StockApp */ = {
			isa = PBXGroup;
			children = (
				763EEE322B44AEF80079C504 /* Views */,
				767C547D2B42DA7A00535CA6 /* Utils */,
				767C54782B42D82100535CA6 /* Models */,
				767C54752B42B38B00535CA6 /* Network */,
				767C54722B421F4900535CA6 /* Extensions */,
				767C546F2B421ADB00535CA6 /* Screens */,
				767C54602B42196000535CA6 /* StockAppApp.swift */,
				767C54622B42196000535CA6 /* ContentView.swift */,
				767C54642B42196200535CA6 /* Assets.xcassets */,
				767C54662B42196200535CA6 /* StockApp.entitlements */,
				767C54672B42196200535CA6 /* Preview Content */,
			);
			path = StockApp;
			sourceTree = "<group>";
		};
		767C54672B42196200535CA6 /* Preview Content */ = {
			isa = PBXGroup;
			children = (
				767C54682B42196200535CA6 /* Preview Assets.xcassets */,
			);
			path = "Preview Content";
			sourceTree = "<group>";
		};
		767C546F2B421ADB00535CA6 /* Screens */ = {
			isa = PBXGroup;
			children = (
				767C54702B421AF100535CA6 /* RegistrationScreen.swift */,
				763EEE272B42FEF30079C504 /* LoginScreen.swift */,
				763EEE302B449E300079C504 /* AddStockCategoryScreen.swift */,
				7631F1B92B46BFE30089CB1A /* StockCategoryListScreen.swift */,
				76210A212B49B4B200650604 /* StockDetailScreen.swift */,
				76210A232B49B70300650604 /* AddStockItemScreen.swift */,
			);
			path = Screens;
			sourceTree = "<group>";
		};
		767C54722B421F4900535CA6 /* Extensions */ = {
			isa = PBXGroup;
			children = (
				767C54732B421F8400535CA6 /* String+Extensions.swift */,
				763EEE352B44B1A80079C504 /* Color+Extensions.swift */,
				763279502B45BAF30095A9B2 /* UserDefaultsExtensions.swift */,
				7631F1BB2B46C0780089CB1A /* StockCategoryResponseDto+Extensions.swift */,
			);
			path = Extensions;
			sourceTree = "<group>";
		};
		767C54752B42B38B00535CA6 /* Network */ = {
			isa = PBXGroup;
			children = (
				767C54762B42B41700535CA6 /* HTTPClient.swift */,
			);
			path = Network;
			sourceTree = "<group>";
		};
		767C54782B42D82100535CA6 /* Models */ = {
			isa = PBXGroup;
			children = (
				767C54792B42D83000535CA6 /* StockModel.swift */,
				763EEE2B2B430E530079C504 /* AppState.swift */,
			);
			path = Models;
			sourceTree = "<group>";
		};
		767C547D2B42DA7A00535CA6 /* Utils */ = {
			isa = PBXGroup;
			children = (
				767C547E2B42DA8D00535CA6 /* Constants.swift */,
			);
			path = Utils;
			sourceTree = "<group>";
		};
/* End PBXGroup section */

/* Begin PBXNativeTarget section */
		767C545C2B42196000535CA6 /* StockApp */ = {
			isa = PBXNativeTarget;
			buildConfigurationList = 767C546C2B42196200535CA6 /* Build configuration list for PBXNativeTarget "StockApp" */;
			buildPhases = (
				767C54592B42196000535CA6 /* Sources */,
				767C545A2B42196000535CA6 /* Frameworks */,
				767C545B2B42196000535CA6 /* Resources */,
			);
			buildRules = (
			);
			dependencies = (
			);
			name = StockApp;
			packageProductDependencies = (
				763EEE2E2B435CAD0079C504 /* StockSharedDTOs */,
			);
			productName = StockApp;
			productReference = 767C545D2B42196000535CA6 /* StockApp.app */;
			productType = "com.apple.product-type.application";
		};
/* End PBXNativeTarget section */

/* Begin PBXProject section */
		767C54552B42196000535CA6 /* Project object */ = {
			isa = PBXProject;
			attributes = {
				BuildIndependentTargetsInParallel = 1;
				LastSwiftUpdateCheck = 1510;
				LastUpgradeCheck = 1510;
				TargetAttributes = {
					767C545C2B42196000535CA6 = {
						CreatedOnToolsVersion = 15.1;
					};
				};
			};
			buildConfigurationList = 767C54582B42196000535CA6 /* Build configuration list for PBXProject "StockApp" */;
			compatibilityVersion = "Xcode 14.0";
			developmentRegion = en;
			hasScannedForEncodings = 0;
			knownRegions = (
				en,
				Base,
			);
			mainGroup = 767C54542B42196000535CA6;
			packageReferences = (
				763EEE2D2B435CAD0079C504 /* XCRemoteSwiftPackageReference "StockSharedDTOs" */,
			);
			productRefGroup = 767C545E2B42196000535CA6 /* Products */;
			projectDirPath = "";
			projectRoot = "";
			targets = (
				767C545C2B42196000535CA6 /* StockApp */,
			);
		};
/* End PBXProject section */

/* Begin PBXResourcesBuildPhase section */
		767C545B2B42196000535CA6 /* Resources */ = {
			isa = PBXResourcesBuildPhase;
			buildActionMask = 2147483647;
			files = (
				767C54692B42196200535CA6 /* Preview Assets.xcassets in Resources */,
				767C54652B42196200535CA6 /* Assets.xcassets in Resources */,
			);
			runOnlyForDeploymentPostprocessing = 0;
		};
/* End PBXResourcesBuildPhase section */

/* Begin PBXSourcesBuildPhase section */
		767C54592B42196000535CA6 /* Sources */ = {
			isa = PBXSourcesBuildPhase;
			buildActionMask = 2147483647;
			files = (
				7631F1BA2B46BFE30089CB1A /* StockCategoryListScreen.swift in Sources */,
				767C54742B421F8400535CA6 /* String+Extensions.swift in Sources */,
				7631F1BC2B46C0780089CB1A /* StockCategoryResponseDto+Extensions.swift in Sources */,
				763EEE362B44B1A80079C504 /* Color+Extensions.swift in Sources */,
				767C54772B42B41700535CA6 /* HTTPClient.swift in Sources */,
				763EEE282B42FEF30079C504 /* LoginScreen.swift in Sources */,
				767C547A2B42D83000535CA6 /* StockModel.swift in Sources */,
				767C54712B421AF100535CA6 /* RegistrationScreen.swift in Sources */,
				767C54632B42196000535CA6 /* ContentView.swift in Sources */,
				76210A222B49B4B200650604 /* StockDetailScreen.swift in Sources */,
				763279512B45BAF30095A9B2 /* UserDefaultsExtensions.swift in Sources */,
				763EEE312B449E300079C504 /* AddStockCategoryScreen.swift in Sources */,
				763EEE2C2B430E530079C504 /* AppState.swift in Sources */,
				767C54612B42196000535CA6 /* StockAppApp.swift in Sources */,
				763EEE342B44AF100079C504 /* ColorSelector.swift in Sources */,
				767C547F2B42DA8D00535CA6 /* Constants.swift in Sources */,
				76210A242B49B70300650604 /* AddStockItemScreen.swift in Sources */,
			);
			runOnlyForDeploymentPostprocessing = 0;
		};
/* End PBXSourcesBuildPhase section */

/* Begin XCBuildConfiguration section */
		767C546A2B42196200535CA6 /* Debug */ = {
			isa = XCBuildConfiguration;
			buildSettings = {
				ALWAYS_SEARCH_USER_PATHS = NO;
				ASSETCATALOG_COMPILER_GENERATE_SWIFT_ASSET_SYMBOL_EXTENSIONS = YES;
				CLANG_ANALYZER_NONNULL = YES;
				CLANG_ANALYZER_NUMBER_OBJECT_CONVERSION = YES_AGGRESSIVE;
				CLANG_CXX_LANGUAGE_STANDARD = "gnu++20";
				CLANG_ENABLE_MODULES = YES;
				CLANG_ENABLE_OBJC_ARC = YES;
				CLANG_ENABLE_OBJC_WEAK = YES;
				CLANG_WARN_BLOCK_CAPTURE_AUTORELEASING = YES;
				CLANG_WARN_BOOL_CONVERSION = YES;
				CLANG_WARN_COMMA = YES;
				CLANG_WARN_CONSTANT_CONVERSION = YES;
				CLANG_WARN_DEPRECATED_OBJC_IMPLEMENTATIONS = YES;
				CLANG_WARN_DIRECT_OBJC_ISA_USAGE = YES_ERROR;
				CLANG_WARN_DOCUMENTATION_COMMENTS = YES;
				CLANG_WARN_EMPTY_BODY = YES;
				CLANG_WARN_ENUM_CONVERSION = YES;
				CLANG_WARN_INFINITE_RECURSION = YES;
				CLANG_WARN_INT_CONVERSION = YES;
				CLANG_WARN_NON_LITERAL_NULL_CONVERSION = YES;
				CLANG_WARN_OBJC_IMPLICIT_RETAIN_SELF = YES;
				CLANG_WARN_OBJC_LITERAL_CONVERSION = YES;
				CLANG_WARN_OBJC_ROOT_CLASS = YES_ERROR;
				CLANG_WARN_QUOTED_INCLUDE_IN_FRAMEWORK_HEADER = YES;
				CLANG_WARN_RANGE_LOOP_ANALYSIS = YES;
				CLANG_WARN_STRICT_PROTOTYPES = YES;
				CLANG_WARN_SUSPICIOUS_MOVE = YES;
				CLANG_WARN_UNGUARDED_AVAILABILITY = YES_AGGRESSIVE;
				CLANG_WARN_UNREACHABLE_CODE = YES;
				CLANG_WARN__DUPLICATE_METHOD_MATCH = YES;
				COPY_PHASE_STRIP = NO;
				DEBUG_INFORMATION_FORMAT = dwarf;
				ENABLE_STRICT_OBJC_MSGSEND = YES;
				ENABLE_TESTABILITY = YES;
				ENABLE_USER_SCRIPT_SANDBOXING = YES;
				GCC_C_LANGUAGE_STANDARD = gnu17;
				GCC_DYNAMIC_NO_PIC = NO;
				GCC_NO_COMMON_BLOCKS = YES;
				GCC_OPTIMIZATION_LEVEL = 0;
				GCC_PREPROCESSOR_DEFINITIONS = (
					"DEBUG=1",
					"$(inherited)",
				);
				GCC_WARN_64_TO_32_BIT_CONVERSION = YES;
				GCC_WARN_ABOUT_RETURN_TYPE = YES_ERROR;
				GCC_WARN_UNDECLARED_SELECTOR = YES;
				GCC_WARN_UNINITIALIZED_AUTOS = YES_AGGRESSIVE;
				GCC_WARN_UNUSED_FUNCTION = YES;
				GCC_WARN_UNUSED_VARIABLE = YES;
				LOCALIZATION_PREFERS_STRING_CATALOGS = YES;
				MTL_ENABLE_DEBUG_INFO = INCLUDE_SOURCE;
				MTL_FAST_MATH = YES;
				ONLY_ACTIVE_ARCH = YES;
				SWIFT_ACTIVE_COMPILATION_CONDITIONS = "DEBUG $(inherited)";
				SWIFT_OPTIMIZATION_LEVEL = "-Onone";
			};
			name = Debug;
		};
		767C546B2B42196200535CA6 /* Release */ = {
			isa = XCBuildConfiguration;
			buildSettings = {
				ALWAYS_SEARCH_USER_PATHS = NO;
				ASSETCATALOG_COMPILER_GENERATE_SWIFT_ASSET_SYMBOL_EXTENSIONS = YES;
				CLANG_ANALYZER_NONNULL = YES;
				CLANG_ANALYZER_NUMBER_OBJECT_CONVERSION = YES_AGGRESSIVE;
				CLANG_CXX_LANGUAGE_STANDARD = "gnu++20";
				CLANG_ENABLE_MODULES = YES;
				CLANG_ENABLE_OBJC_ARC = YES;
				CLANG_ENABLE_OBJC_WEAK = YES;
				CLANG_WARN_BLOCK_CAPTURE_AUTORELEASING = YES;
				CLANG_WARN_BOOL_CONVERSION = YES;
				CLANG_WARN_COMMA = YES;
				CLANG_WARN_CONSTANT_CONVERSION = YES;
				CLANG_WARN_DEPRECATED_OBJC_IMPLEMENTATIONS = YES;
				CLANG_WARN_DIRECT_OBJC_ISA_USAGE = YES_ERROR;
				CLANG_WARN_DOCUMENTATION_COMMENTS = YES;
				CLANG_WARN_EMPTY_BODY = YES;
				CLANG_WARN_ENUM_CONVERSION = YES;
				CLANG_WARN_INFINITE_RECURSION = YES;
				CLANG_WARN_INT_CONVERSION = YES;
				CLANG_WARN_NON_LITERAL_NULL_CONVERSION = YES;
				CLANG_WARN_OBJC_IMPLICIT_RETAIN_SELF = YES;
				CLANG_WARN_OBJC_LITERAL_CONVERSION = YES;
				CLANG_WARN_OBJC_ROOT_CLASS = YES_ERROR;
				CLANG_WARN_QUOTED_INCLUDE_IN_FRAMEWORK_HEADER = YES;
				CLANG_WARN_RANGE_LOOP_ANALYSIS = YES;
				CLANG_WARN_STRICT_PROTOTYPES = YES;
				CLANG_WARN_SUSPICIOUS_MOVE = YES;
				CLANG_WARN_UNGUARDED_AVAILABILITY = YES_AGGRESSIVE;
				CLANG_WARN_UNREACHABLE_CODE = YES;
				CLANG_WARN__DUPLICATE_METHOD_MATCH = YES;
				COPY_PHASE_STRIP = NO;
				DEBUG_INFORMATION_FORMAT = "dwarf-with-dsym";
				ENABLE_NS_ASSERTIONS = NO;
				ENABLE_STRICT_OBJC_MSGSEND = YES;
				ENABLE_USER_SCRIPT_SANDBOXING = YES;
				GCC_C_LANGUAGE_STANDARD = gnu17;
				GCC_NO_COMMON_BLOCKS = YES;
				GCC_WARN_64_TO_32_BIT_CONVERSION = YES;
				GCC_WARN_ABOUT_RETURN_TYPE = YES_ERROR;
				GCC_WARN_UNDECLARED_SELECTOR = YES;
				GCC_WARN_UNINITIALIZED_AUTOS = YES_AGGRESSIVE;
				GCC_WARN_UNUSED_FUNCTION = YES;
				GCC_WARN_UNUSED_VARIABLE = YES;
				LOCALIZATION_PREFERS_STRING_CATALOGS = YES;
				MTL_ENABLE_DEBUG_INFO = NO;
				MTL_FAST_MATH = YES;
				SWIFT_COMPILATION_MODE = wholemodule;
			};
			name = Release;
		};
		767C546D2B42196200535CA6 /* Debug */ = {
			isa = XCBuildConfiguration;
			buildSettings = {
				ASSETCATALOG_COMPILER_APPICON_NAME = AppIcon;
				ASSETCATALOG_COMPILER_GLOBAL_ACCENT_COLOR_NAME = AccentColor;
				CODE_SIGN_ENTITLEMENTS = StockApp/StockApp.entitlements;
				CODE_SIGN_STYLE = Automatic;
				CURRENT_PROJECT_VERSION = 1;
				DEVELOPMENT_ASSET_PATHS = "\"StockApp/Preview Content\"";
				DEVELOPMENT_TEAM = PFVCA649R3;
				ENABLE_HARDENED_RUNTIME = YES;
				ENABLE_PREVIEWS = YES;
				GENERATE_INFOPLIST_FILE = YES;
				"INFOPLIST_KEY_UIApplicationSceneManifest_Generation[sdk=iphoneos*]" = YES;
				"INFOPLIST_KEY_UIApplicationSceneManifest_Generation[sdk=iphonesimulator*]" = YES;
				"INFOPLIST_KEY_UIApplicationSupportsIndirectInputEvents[sdk=iphoneos*]" = YES;
				"INFOPLIST_KEY_UIApplicationSupportsIndirectInputEvents[sdk=iphonesimulator*]" = YES;
				"INFOPLIST_KEY_UILaunchScreen_Generation[sdk=iphoneos*]" = YES;
				"INFOPLIST_KEY_UILaunchScreen_Generation[sdk=iphonesimulator*]" = YES;
				"INFOPLIST_KEY_UIStatusBarStyle[sdk=iphoneos*]" = UIStatusBarStyleDefault;
				"INFOPLIST_KEY_UIStatusBarStyle[sdk=iphonesimulator*]" = UIStatusBarStyleDefault;
				INFOPLIST_KEY_UISupportedInterfaceOrientations_iPad = "UIInterfaceOrientationPortrait UIInterfaceOrientationPortraitUpsideDown UIInterfaceOrientationLandscapeLeft UIInterfaceOrientationLandscapeRight";
				INFOPLIST_KEY_UISupportedInterfaceOrientations_iPhone = "UIInterfaceOrientationPortrait UIInterfaceOrientationLandscapeLeft UIInterfaceOrientationLandscapeRight";
				IPHONEOS_DEPLOYMENT_TARGET = 17.2;
				LD_RUNPATH_SEARCH_PATHS = "@executable_path/Frameworks";
				"LD_RUNPATH_SEARCH_PATHS[sdk=macosx*]" = "@executable_path/../Frameworks";
				MACOSX_DEPLOYMENT_TARGET = 14.2;
				MARKETING_VERSION = 1.0;
				PRODUCT_BUNDLE_IDENTIFIER = com.kashiash.StockApp;
				PRODUCT_NAME = "$(TARGET_NAME)";
				SDKROOT = auto;
				SUPPORTED_PLATFORMS = "iphoneos iphonesimulator macosx";
				SWIFT_EMIT_LOC_STRINGS = YES;
				SWIFT_VERSION = 5.0;
				TARGETED_DEVICE_FAMILY = "1,2";
			};
			name = Debug;
		};
		767C546E2B42196200535CA6 /* Release */ = {
			isa = XCBuildConfiguration;
			buildSettings = {
				ASSETCATALOG_COMPILER_APPICON_NAME = AppIcon;
				ASSETCATALOG_COMPILER_GLOBAL_ACCENT_COLOR_NAME = AccentColor;
				CODE_SIGN_ENTITLEMENTS = StockApp/StockApp.entitlements;
				CODE_SIGN_STYLE = Automatic;
				CURRENT_PROJECT_VERSION = 1;
				DEVELOPMENT_ASSET_PATHS = "\"StockApp/Preview Content\"";
				DEVELOPMENT_TEAM = PFVCA649R3;
				ENABLE_HARDENED_RUNTIME = YES;
				ENABLE_PREVIEWS = YES;
				GENERATE_INFOPLIST_FILE = YES;
				"INFOPLIST_KEY_UIApplicationSceneManifest_Generation[sdk=iphoneos*]" = YES;
				"INFOPLIST_KEY_UIApplicationSceneManifest_Generation[sdk=iphonesimulator*]" = YES;
				"INFOPLIST_KEY_UIApplicationSupportsIndirectInputEvents[sdk=iphoneos*]" = YES;
				"INFOPLIST_KEY_UIApplicationSupportsIndirectInputEvents[sdk=iphonesimulator*]" = YES;
				"INFOPLIST_KEY_UILaunchScreen_Generation[sdk=iphoneos*]" = YES;
				"INFOPLIST_KEY_UILaunchScreen_Generation[sdk=iphonesimulator*]" = YES;
				"INFOPLIST_KEY_UIStatusBarStyle[sdk=iphoneos*]" = UIStatusBarStyleDefault;
				"INFOPLIST_KEY_UIStatusBarStyle[sdk=iphonesimulator*]" = UIStatusBarStyleDefault;
				INFOPLIST_KEY_UISupportedInterfaceOrientations_iPad = "UIInterfaceOrientationPortrait UIInterfaceOrientationPortraitUpsideDown UIInterfaceOrientationLandscapeLeft UIInterfaceOrientationLandscapeRight";
				INFOPLIST_KEY_UISupportedInterfaceOrientations_iPhone = "UIInterfaceOrientationPortrait UIInterfaceOrientationLandscapeLeft UIInterfaceOrientationLandscapeRight";
				IPHONEOS_DEPLOYMENT_TARGET = 17.2;
				LD_RUNPATH_SEARCH_PATHS = "@executable_path/Frameworks";
				"LD_RUNPATH_SEARCH_PATHS[sdk=macosx*]" = "@executable_path/../Frameworks";
				MACOSX_DEPLOYMENT_TARGET = 14.2;
				MARKETING_VERSION = 1.0;
				PRODUCT_BUNDLE_IDENTIFIER = com.kashiash.StockApp;
				PRODUCT_NAME = "$(TARGET_NAME)";
				SDKROOT = auto;
				SUPPORTED_PLATFORMS = "iphoneos iphonesimulator macosx";
				SWIFT_EMIT_LOC_STRINGS = YES;
				SWIFT_VERSION = 5.0;
				TARGETED_DEVICE_FAMILY = "1,2";
			};
			name = Release;
		};
/* End XCBuildConfiguration section */

/* Begin XCConfigurationList section */
		767C54582B42196000535CA6 /* Build configuration list for PBXProject "StockApp" */ = {
			isa = XCConfigurationList;
			buildConfigurations = (
				767C546A2B42196200535CA6 /* Debug */,
				767C546B2B42196200535CA6 /* Release */,
			);
			defaultConfigurationIsVisible = 0;
			defaultConfigurationName = Release;
		};
		767C546C2B42196200535CA6 /* Build configuration list for PBXNativeTarget "StockApp" */ = {
			isa = XCConfigurationList;
			buildConfigurations = (
				767C546D2B42196200535CA6 /* Debug */,
				767C546E2B42196200535CA6 /* Release */,
			);
			defaultConfigurationIsVisible = 0;
			defaultConfigurationName = Release;
		};
/* End XCConfigurationList section */

/* Begin XCRemoteSwiftPackageReference section */
		763EEE2D2B435CAD0079C504 /* XCRemoteSwiftPackageReference "StockSharedDTOs" */ = {
			isa = XCRemoteSwiftPackageReference;
			repositoryURL = "https://github.com/kashiash/StockSharedDTOs.git";
			requirement = {
				branch = main;
				kind = branch;
			};
		};
/* End XCRemoteSwiftPackageReference section */

/* Begin XCSwiftPackageProductDependency section */
		763EEE2E2B435CAD0079C504 /* StockSharedDTOs */ = {
			isa = XCSwiftPackageProductDependency;
			package = 763EEE2D2B435CAD0079C504 /* XCRemoteSwiftPackageReference "StockSharedDTOs" */;
			productName = StockSharedDTOs;
		};
/* End XCSwiftPackageProductDependency section */
	};
	rootObject = 767C54552B42196000535CA6 /* Project object */;
}
